
Microsoft Visual Studio Solution File, Format Version 12.00
# Visual Studio Version 17
VisualStudioVersion = 17.3.32611.2
MinimumVisualStudioVersion = 10.0.40219.1
Project("{FAE04EC0-301F-11D3-BF4B-00C04F79EFBC}") = "TwoDimensionArrayPractice", "TwoDimensionArrayPractice\TwoDimensionArrayPractice.csproj", "{7E1AAF58-3828-4DD5-BE52-4CEA6728C72B}"
EndProject
Project("{FAE04EC0-301F-11D3-BF4B-00C04F79EFBC}") = "TwoDimensionArrayPracticeTests", "TwoDimensionArrayPracticeTests\TwoDimensionArrayPracticeTests.csproj", "{2A085626-DB38-4F5C-B3BD-6B795D6BA690}"
EndProject
Global
	GlobalSection(SolutionConfigurationPlatforms) = preSolution
		Debug|Any CPU = Debug|Any CPU
		Release|Any CPU = Release|Any CPU
	EndGlobalSection
	GlobalSection(ProjectConfigurationPlatforms) = postSolution
		{7E1AAF58-3828-4DD5-BE52-4CEA6728C72B}.Debug|Any CPU.ActiveCfg = Debug|Any CPU
		{7E1AAF58-3828-4DD5-BE52-4CEA6728C72B}.Debug|Any CPU.Build.0 = Debug|Any CPU
		{7E1AAF58-3828-4DD5-BE52-4CEA6728C72B}.Release|Any CPU.ActiveCfg = Release|Any CPU
		{7E1AAF58-3828-4DD5-BE52-4CEA6728C72B}.Release|Any CPU.Build.0 = Release|Any CPU
		{2A085626-DB38-4F5C-B3BD-6B795D6BA690}.Debug|Any CPU.ActiveCfg = Debug|Any CPU
		{2A085626-DB38-4F5C-B3BD-6B795D6BA690}.Debug|Any CPU.Build.0 = Debug|Any CPU
		{2A085626-DB38-4F5C-B3BD-6B795D6BA690}.Release|Any CPU.ActiveCfg = Release|Any CPU
		{2A085626-DB38-4F5C-B3BD-6B795D6BA690}.Release|Any CPU.Build.0 = Release|Any CPU
	EndGlobalSection
	GlobalSection(SolutionProperties) = preSolution
		HideSolutionNode = FALSE
	EndGlobalSection
	GlobalSection(ExtensibilityGlobals) = postSolution
		SolutionGuid = {6A32DE4E-B916-48E3-9F83-BC5983C4D187}
	EndGlobalSection
EndGlobal
